
Microsoft Visual Studio Solution File, Format Version 12.00
# Visual Studio Version 17
VisualStudioVersion = 17.0.31903.59
MinimumVisualStudioVersion = 10.0.40219.1
Project("{2150E333-8FDC-42A3-9474-1A3956D46DE8}") = "src", "src", "{827E0CD3-B72D-47B6-A68D-7590B98EB39B}"
EndProject
Project("{FAE04EC0-301F-11D3-BF4B-00C04F79EFBC}") = "TechsysLog.Domain", "src\TechsysLog.Domain\TechsysLog.Domain.csproj", "{F02F9B0B-AF9C-4F7B-82FE-41AB049886BF}"
EndProject
Project("{FAE04EC0-301F-11D3-BF4B-00C04F79EFBC}") = "TechsysLog.Application", "src\TechsysLog.Application\TechsysLog.Application.csproj", "{2B39D158-B4DD-4201-B9E5-AC04674DE5C8}"
EndProject
Project("{FAE04EC0-301F-11D3-BF4B-00C04F79EFBC}") = "TechsysLog.Infrastructure", "src\TechsysLog.Infrastructure\TechsysLog.Infrastructure.csproj", "{B78C3D06-FA1B-4549-9ECA-2BB96513318B}"
EndProject
Project("{FAE04EC0-301F-11D3-BF4B-00C04F79EFBC}") = "TechsysLog.API", "src\TechsysLog.API\TechsysLog.API.csproj", "{6388BDD1-3031-4109-9301-8C5315E19B2D}"
EndProject
Global
	GlobalSection(SolutionConfigurationPlatforms) = preSolution
		Debug|Any CPU = Debug|Any CPU
		Debug|x64 = Debug|x64
		Debug|x86 = Debug|x86
		Release|Any CPU = Release|Any CPU
		Release|x64 = Release|x64
		Release|x86 = Release|x86
	EndGlobalSection
	GlobalSection(ProjectConfigurationPlatforms) = postSolution
		{F02F9B0B-AF9C-4F7B-82FE-41AB049886BF}.Debug|Any CPU.ActiveCfg = Debug|Any CPU
		{F02F9B0B-AF9C-4F7B-82FE-41AB049886BF}.Debug|Any CPU.Build.0 = Debug|Any CPU
		{F02F9B0B-AF9C-4F7B-82FE-41AB049886BF}.Debug|x64.ActiveCfg = Debug|Any CPU
		{F02F9B0B-AF9C-4F7B-82FE-41AB049886BF}.Debug|x64.Build.0 = Debug|Any CPU
		{F02F9B0B-AF9C-4F7B-82FE-41AB049886BF}.Debug|x86.ActiveCfg = Debug|Any CPU
		{F02F9B0B-AF9C-4F7B-82FE-41AB049886BF}.Debug|x86.Build.0 = Debug|Any CPU
		{F02F9B0B-AF9C-4F7B-82FE-41AB049886BF}.Release|Any CPU.ActiveCfg = Release|Any CPU
		{F02F9B0B-AF9C-4F7B-82FE-41AB049886BF}.Release|Any CPU.Build.0 = Release|Any CPU
		{F02F9B0B-AF9C-4F7B-82FE-41AB049886BF}.Release|x64.ActiveCfg = Release|Any CPU
		{F02F9B0B-AF9C-4F7B-82FE-41AB049886BF}.Release|x64.Build.0 = Release|Any CPU
		{F02F9B0B-AF9C-4F7B-82FE-41AB049886BF}.Release|x86.ActiveCfg = Release|Any CPU
		{F02F9B0B-AF9C-4F7B-82FE-41AB049886BF}.Release|x86.Build.0 = Release|Any CPU
		{2B39D158-B4DD-4201-B9E5-AC04674DE5C8}.Debug|Any CPU.ActiveCfg = Debug|Any CPU
		{2B39D158-B4DD-4201-B9E5-AC04674DE5C8}.Debug|Any CPU.Build.0 = Debug|Any CPU
		{2B39D158-B4DD-4201-B9E5-AC04674DE5C8}.Debug|x64.ActiveCfg = Debug|Any CPU
		{2B39D158-B4DD-4201-B9E5-AC04674DE5C8}.Debug|x64.Build.0 = Debug|Any CPU
		{2B39D158-B4DD-4201-B9E5-AC04674DE5C8}.Debug|x86.ActiveCfg = Debug|Any CPU
		{2B39D158-B4DD-4201-B9E5-AC04674DE5C8}.Debug|x86.Build.0 = Debug|Any CPU
		{2B39D158-B4DD-4201-B9E5-AC04674DE5C8}.Release|Any CPU.ActiveCfg = Release|Any CPU
		{2B39D158-B4DD-4201-B9E5-AC04674DE5C8}.Release|Any CPU.Build.0 = Release|Any CPU
		{2B39D158-B4DD-4201-B9E5-AC04674DE5C8}.Release|x64.ActiveCfg = Release|Any CPU
		{2B39D158-B4DD-4201-B9E5-AC04674DE5C8}.Release|x64.Build.0 = Release|Any CPU
		{2B39D158-B4DD-4201-B9E5-AC04674DE5C8}.Release|x86.ActiveCfg = Release|Any CPU
		{2B39D158-B4DD-4201-B9E5-AC04674DE5C8}.Release|x86.Build.0 = Release|Any CPU
		{B78C3D06-FA1B-4549-9ECA-2BB96513318B}.Debug|Any CPU.ActiveCfg = Debug|Any CPU
		{B78C3D06-FA1B-4549-9ECA-2BB96513318B}.Debug|Any CPU.Build.0 = Debug|Any CPU
		{B78C3D06-FA1B-4549-9ECA-2BB96513318B}.Debug|x64.ActiveCfg = Debug|Any CPU
		{B78C3D06-FA1B-4549-9ECA-2BB96513318B}.Debug|x64.Build.0 = Debug|Any CPU
		{B78C3D06-FA1B-4549-9ECA-2BB96513318B}.Debug|x86.ActiveCfg = Debug|Any CPU
		{B78C3D06-FA1B-4549-9ECA-2BB96513318B}.Debug|x86.Build.0 = Debug|Any CPU
		{B78C3D06-FA1B-4549-9ECA-2BB96513318B}.Release|Any CPU.ActiveCfg = Release|Any CPU
		{B78C3D06-FA1B-4549-9ECA-2BB96513318B}.Release|Any CPU.Build.0 = Release|Any CPU
		{B78C3D06-FA1B-4549-9ECA-2BB96513318B}.Release|x64.ActiveCfg = Release|Any CPU
		{B78C3D06-FA1B-4549-9ECA-2BB96513318B}.Release|x64.Build.0 = Release|Any CPU
		{B78C3D06-FA1B-4549-9ECA-2BB96513318B}.Release|x86.ActiveCfg = Release|Any CPU
		{B78C3D06-FA1B-4549-9ECA-2BB96513318B}.Release|x86.Build.0 = Release|Any CPU
		{6388BDD1-3031-4109-9301-8C5315E19B2D}.Debug|Any CPU.ActiveCfg = Debug|Any CPU
		{6388BDD1-3031-4109-9301-8C5315E19B2D}.Debug|Any CPU.Build.0 = Debug|Any CPU
		{6388BDD1-3031-4109-9301-8C5315E19B2D}.Debug|x64.ActiveCfg = Debug|Any CPU
		{6388BDD1-3031-4109-9301-8C5315E19B2D}.Debug|x64.Build.0 = Debug|Any CPU
		{6388BDD1-3031-4109-9301-8C5315E19B2D}.Debug|x86.ActiveCfg = Debug|Any CPU
		{6388BDD1-3031-4109-9301-8C5315E19B2D}.Debug|x86.Build.0 = Debug|Any CPU
		{6388BDD1-3031-4109-9301-8C5315E19B2D}.Release|Any CPU.ActiveCfg = Release|Any CPU
		{6388BDD1-3031-4109-9301-8C5315E19B2D}.Release|Any CPU.Build.0 = Release|Any CPU
		{6388BDD1-3031-4109-9301-8C5315E19B2D}.Release|x64.ActiveCfg = Release|Any CPU
		{6388BDD1-3031-4109-9301-8C5315E19B2D}.Release|x64.Build.0 = Release|Any CPU
		{6388BDD1-3031-4109-9301-8C5315E19B2D}.Release|x86.ActiveCfg = Release|Any CPU
		{6388BDD1-3031-4109-9301-8C5315E19B2D}.Release|x86.Build.0 = Release|Any CPU
	EndGlobalSection
	GlobalSection(SolutionProperties) = preSolution
		HideSolutionNode = FALSE
	EndGlobalSection
	GlobalSection(NestedProjects) = preSolution
		{F02F9B0B-AF9C-4F7B-82FE-41AB049886BF} = {827E0CD3-B72D-47B6-A68D-7590B98EB39B}
		{2B39D158-B4DD-4201-B9E5-AC04674DE5C8} = {827E0CD3-B72D-47B6-A68D-7590B98EB39B}
		{B78C3D06-FA1B-4549-9ECA-2BB96513318B} = {827E0CD3-B72D-47B6-A68D-7590B98EB39B}
		{6388BDD1-3031-4109-9301-8C5315E19B2D} = {827E0CD3-B72D-47B6-A68D-7590B98EB39B}
	EndGlobalSection
EndGlobal
